
Microsoft Visual Studio Solution File, Format Version 12.00
# Visual Studio Version 16
VisualStudioVersion = 16.0.31105.61
MinimumVisualStudioVersion = 10.0.40219.1
Project("{9A19103F-16F7-4668-BE54-9A1E7A4F7556}") = "JiangHGodot", "JiangHGodot.csproj", "{236CA02C-8E60-46A1-BD43-55573FAEB8A7}"
EndProject
Project("{FAE04EC0-301F-11D3-BF4B-00C04F79EFBC}") = "JiangHKernels", "..\JiangHKernels\JiangHKernels.csproj", "{8AF54AE6-545D-42AA-9F2D-4D73D1C59233}"
EndProject
Global
	GlobalSection(SolutionConfigurationPlatforms) = preSolution
		Debug|Any CPU = Debug|Any CPU
		ExportDebug|Any CPU = ExportDebug|Any CPU
		ExportRelease|Any CPU = ExportRelease|Any CPU
		Release|Any CPU = Release|Any CPU
	EndGlobalSection
	GlobalSection(ProjectConfigurationPlatforms) = postSolution
		{236CA02C-8E60-46A1-BD43-55573FAEB8A7}.Debug|Any CPU.ActiveCfg = Debug|Any CPU
		{236CA02C-8E60-46A1-BD43-55573FAEB8A7}.Debug|Any CPU.Build.0 = Debug|Any CPU
		{236CA02C-8E60-46A1-BD43-55573FAEB8A7}.ExportDebug|Any CPU.ActiveCfg = ExportDebug|Any CPU
		{236CA02C-8E60-46A1-BD43-55573FAEB8A7}.ExportDebug|Any CPU.Build.0 = ExportDebug|Any CPU
		{236CA02C-8E60-46A1-BD43-55573FAEB8A7}.ExportRelease|Any CPU.ActiveCfg = ExportRelease|Any CPU
		{236CA02C-8E60-46A1-BD43-55573FAEB8A7}.ExportRelease|Any CPU.Build.0 = ExportRelease|Any CPU
		{236CA02C-8E60-46A1-BD43-55573FAEB8A7}.Release|Any CPU.ActiveCfg = ExportRelease|Any CPU
		{236CA02C-8E60-46A1-BD43-55573FAEB8A7}.Release|Any CPU.Build.0 = ExportRelease|Any CPU
		{8AF54AE6-545D-42AA-9F2D-4D73D1C59233}.Debug|Any CPU.ActiveCfg = Debug|Any CPU
		{8AF54AE6-545D-42AA-9F2D-4D73D1C59233}.Debug|Any CPU.Build.0 = Debug|Any CPU
		{8AF54AE6-545D-42AA-9F2D-4D73D1C59233}.ExportDebug|Any CPU.ActiveCfg = Debug|Any CPU
		{8AF54AE6-545D-42AA-9F2D-4D73D1C59233}.ExportDebug|Any CPU.Build.0 = Debug|Any CPU
		{8AF54AE6-545D-42AA-9F2D-4D73D1C59233}.ExportRelease|Any CPU.ActiveCfg = Release|Any CPU
		{8AF54AE6-545D-42AA-9F2D-4D73D1C59233}.ExportRelease|Any CPU.Build.0 = Release|Any CPU
		{8AF54AE6-545D-42AA-9F2D-4D73D1C59233}.Release|Any CPU.ActiveCfg = Release|Any CPU
		{8AF54AE6-545D-42AA-9F2D-4D73D1C59233}.Release|Any CPU.Build.0 = Release|Any CPU
	EndGlobalSection
	GlobalSection(SolutionProperties) = preSolution
		HideSolutionNode = FALSE
	EndGlobalSection
	GlobalSection(ExtensibilityGlobals) = postSolution
		SolutionGuid = {DCA3F10E-B104-4F17-B879-EA4B5E9A6E2B}
	EndGlobalSection
EndGlobal
